
Microsoft Visual Studio Solution File, Format Version 12.00
# Visual Studio Version 16
VisualStudioVersion = 16.0.30011.22
MinimumVisualStudioVersion = 10.0.40219.1
Project("{FAE04EC0-301F-11D3-BF4B-00C04F79EFBC}") = "Calendario_Feriados", "Calendario_Feriados\Calendario_Feriados.csproj", "{C66DF3DC-E675-4E54-90A4-ED93ACC8B23B}"
EndProject
Project("{FAE04EC0-301F-11D3-BF4B-00C04F79EFBC}") = "Negocio", "Negocio\Negocio.csproj", "{8C6D74AB-4AD3-4370-9BF8-29DD053BBA3B}"
EndProject
Project("{FAE04EC0-301F-11D3-BF4B-00C04F79EFBC}") = "Entidades", "Entidades\Entidades.csproj", "{E246CB83-3BEC-4A36-8CCD-F0B819C48EF2}"
EndProject
Project("{FAE04EC0-301F-11D3-BF4B-00C04F79EFBC}") = "Persistencia", "Persistencia\Persistencia.csproj", "{18002DE3-7A1D-4BEE-9DD2-6D103DFAC121}"
EndProject
Global
	GlobalSection(SolutionConfigurationPlatforms) = preSolution
		Debug|Any CPU = Debug|Any CPU
		Release|Any CPU = Release|Any CPU
	EndGlobalSection
	GlobalSection(ProjectConfigurationPlatforms) = postSolution
		{C66DF3DC-E675-4E54-90A4-ED93ACC8B23B}.Debug|Any CPU.ActiveCfg = Debug|Any CPU
		{C66DF3DC-E675-4E54-90A4-ED93ACC8B23B}.Debug|Any CPU.Build.0 = Debug|Any CPU
		{C66DF3DC-E675-4E54-90A4-ED93ACC8B23B}.Release|Any CPU.ActiveCfg = Release|Any CPU
		{C66DF3DC-E675-4E54-90A4-ED93ACC8B23B}.Release|Any CPU.Build.0 = Release|Any CPU
		{8C6D74AB-4AD3-4370-9BF8-29DD053BBA3B}.Debug|Any CPU.ActiveCfg = Debug|Any CPU
		{8C6D74AB-4AD3-4370-9BF8-29DD053BBA3B}.Debug|Any CPU.Build.0 = Debug|Any CPU
		{8C6D74AB-4AD3-4370-9BF8-29DD053BBA3B}.Release|Any CPU.ActiveCfg = Release|Any CPU
		{8C6D74AB-4AD3-4370-9BF8-29DD053BBA3B}.Release|Any CPU.Build.0 = Release|Any CPU
		{E246CB83-3BEC-4A36-8CCD-F0B819C48EF2}.Debug|Any CPU.ActiveCfg = Debug|Any CPU
		{E246CB83-3BEC-4A36-8CCD-F0B819C48EF2}.Debug|Any CPU.Build.0 = Debug|Any CPU
		{E246CB83-3BEC-4A36-8CCD-F0B819C48EF2}.Release|Any CPU.ActiveCfg = Release|Any CPU
		{E246CB83-3BEC-4A36-8CCD-F0B819C48EF2}.Release|Any CPU.Build.0 = Release|Any CPU
		{18002DE3-7A1D-4BEE-9DD2-6D103DFAC121}.Debug|Any CPU.ActiveCfg = Debug|Any CPU
		{18002DE3-7A1D-4BEE-9DD2-6D103DFAC121}.Debug|Any CPU.Build.0 = Debug|Any CPU
		{18002DE3-7A1D-4BEE-9DD2-6D103DFAC121}.Release|Any CPU.ActiveCfg = Release|Any CPU
		{18002DE3-7A1D-4BEE-9DD2-6D103DFAC121}.Release|Any CPU.Build.0 = Release|Any CPU
	EndGlobalSection
	GlobalSection(SolutionProperties) = preSolution
		HideSolutionNode = FALSE
	EndGlobalSection
	GlobalSection(ExtensibilityGlobals) = postSolution
		SolutionGuid = {ABE5D55D-DADA-4945-B358-FCABEC0075B6}
	EndGlobalSection
EndGlobal
